PODS:
  - Flutter (1.0.0)
  - ua_client_hints (1.2.2):
    - Flutter

DEPENDENCIES:
  - Flutter (from `Flutter`)
  - ua_client_hints (from `.symlinks/plugins/ua_client_hints/ios`)

EXTERNAL SOURCES:
  Flutter:
    :path: Flutter
  ua_client_hints:
    :path: ".symlinks/plugins/ua_client_hints/ios"

SPEC CHECKSUMS:
  Flutter: e0871f40cf51350855a761d2e70bf5af5b9b5de7
  ua_client_hints: 7f4e0f5d390685e8f7efd6eb363594f760108926

PODFILE CHECKSUM: 1ea9f49c4f5a0cb4ea986a31044ceb0f7668e46a

COCOAPODS: 1.15.2
